{
  "requires": true,
  "lockfileVersion": 1,
  "dependencies": {
    "@capacitor/geolocation": {
      "version": "1.2.0",
      "resolved": "https://registry.npmjs.org/@capacitor/geolocation/-/geolocation-1.2.0.tgz",
      "integrity": "sha512-noDipF4+tIQ7PU8fXOlX/rdwG9wHD6hZlHyQZcON/7m7bhZ091vQRDuWpxJw1Z3FS+Eu4zKMP/rSVUFXMpg76A=="
    }
  }
}
